
Microsoft Visual Studio Solution File, Format Version 12.00
# Visual Studio 15
VisualStudioVersion = 15.0.28010.2019
MinimumVisualStudioVersion = 10.0.40219.1
Project("{FAE04EC0-301F-11D3-BF4B-00C04F79EFBC}") = "Introduction", "Introduction\Introduction.csproj", "{EC68F82E-0AE1-41AC-9BAA-2B8342AFB2B4}"
EndProject
Project("{FAE04EC0-301F-11D3-BF4B-00C04F79EFBC}") = "Features", "Features\Features.csproj", "{27D5E4F3-27AA-48FA-92CA-C9EE165CDEB9}"
EndProject
Project("{FAE04EC0-301F-11D3-BF4B-00C04F79EFBC}") = "Queries", "Queries\Queries.csproj", "{AFB0C72D-3CA6-4BFF-9BD8-8525C64C8189}"
EndProject
Project("{FAE04EC0-301F-11D3-BF4B-00C04F79EFBC}") = "Cars", "Cars\Cars.csproj", "{9BF00197-5689-4EE4-AFFE-552864230B04}"
EndProject
Global
	GlobalSection(SolutionConfigurationPlatforms) = preSolution
		Debug|Any CPU = Debug|Any CPU
		Release|Any CPU = Release|Any CPU
	EndGlobalSection
	GlobalSection(ProjectConfigurationPlatforms) = postSolution
		{EC68F82E-0AE1-41AC-9BAA-2B8342AFB2B4}.Debug|Any CPU.ActiveCfg = Debug|Any CPU
		{EC68F82E-0AE1-41AC-9BAA-2B8342AFB2B4}.Debug|Any CPU.Build.0 = Debug|Any CPU
		{EC68F82E-0AE1-41AC-9BAA-2B8342AFB2B4}.Release|Any CPU.ActiveCfg = Release|Any CPU
		{EC68F82E-0AE1-41AC-9BAA-2B8342AFB2B4}.Release|Any CPU.Build.0 = Release|Any CPU
		{27D5E4F3-27AA-48FA-92CA-C9EE165CDEB9}.Debug|Any CPU.ActiveCfg = Debug|Any CPU
		{27D5E4F3-27AA-48FA-92CA-C9EE165CDEB9}.Debug|Any CPU.Build.0 = Debug|Any CPU
		{27D5E4F3-27AA-48FA-92CA-C9EE165CDEB9}.Release|Any CPU.ActiveCfg = Release|Any CPU
		{27D5E4F3-27AA-48FA-92CA-C9EE165CDEB9}.Release|Any CPU.Build.0 = Release|Any CPU
		{AFB0C72D-3CA6-4BFF-9BD8-8525C64C8189}.Debug|Any CPU.ActiveCfg = Debug|Any CPU
		{AFB0C72D-3CA6-4BFF-9BD8-8525C64C8189}.Debug|Any CPU.Build.0 = Debug|Any CPU
		{AFB0C72D-3CA6-4BFF-9BD8-8525C64C8189}.Release|Any CPU.ActiveCfg = Release|Any CPU
		{AFB0C72D-3CA6-4BFF-9BD8-8525C64C8189}.Release|Any CPU.Build.0 = Release|Any CPU
		{9BF00197-5689-4EE4-AFFE-552864230B04}.Debug|Any CPU.ActiveCfg = Debug|Any CPU
		{9BF00197-5689-4EE4-AFFE-552864230B04}.Debug|Any CPU.Build.0 = Debug|Any CPU
		{9BF00197-5689-4EE4-AFFE-552864230B04}.Release|Any CPU.ActiveCfg = Release|Any CPU
		{9BF00197-5689-4EE4-AFFE-552864230B04}.Release|Any CPU.Build.0 = Release|Any CPU
	EndGlobalSection
	GlobalSection(SolutionProperties) = preSolution
		HideSolutionNode = FALSE
	EndGlobalSection
	GlobalSection(ExtensibilityGlobals) = postSolution
		SolutionGuid = {ECC807D7-E22B-48C3-8399-954022737A92}
	EndGlobalSection
EndGlobal
